// !$*UTF8*$!
{
	archiveVersion = 1;
	classes = {
	};
	objectVersion = 46;
	objects = {

/* Begin PBXBuildFile section */
		01557A2D1C850CC50031F210 /* AppDelegate.swift in Sources */ = {isa = PBXBuildFile; fileRef = 01557A2C1C850CC50031F210 /* AppDelegate.swift */; };
		01557A2F1C850CC50031F210 /* ViewController.swift in Sources */ = {isa = PBXBuildFile; fileRef = 01557A2E1C850CC50031F210 /* ViewController.swift */; };
		01557A321C850CC50031F210 /* Main.storyboard in Resources */ = {isa = PBXBuildFile; fileRef = 01557A301C850CC50031F210 /* Main.storyboard */; };
		01557A341C850CC50031F210 /* Assets.xcassets in Resources */ = {isa = PBXBuildFile; fileRef = 01557A331C850CC50031F210 /* Assets.xcassets */; };
		01557A371C850CC50031F210 /* LaunchScreen.storyboard in Resources */ = {isa = PBXBuildFile; fileRef = 01557A351C850CC50031F210 /* LaunchScreen.storyboard */; };
/* End PBXBuildFile section */

/* Begin PBXFileReference section */
		01557A291C850CC50031F210 /* Gigapet.app */ = {isa = PBXFileReference; explicitFileType = wrapper.application; includeInIndex = 0; path = Gigapet.app; sourceTree = BUILT_PRODUCTS_DIR; };
		01557A2C1C850CC50031F210 /* AppDelegate.swift */ = {isa = PBXFileReference; lastKnownFileType = sourcecode.swift; path = AppDelegate.swift; sourceTree = "<group>"; };
		01557A2E1C850CC50031F210 /* ViewController.swift */ = {isa = PBXFileReference; lastKnownFileType = sourcecode.swift; path = ViewController.swift; sourceTree = "<group>"; };
		01557A311C850CC50031F210 /* Base */ = {isa = PBXFileReference; lastKnownFileType = file.storyboard; name = Base; path = Base.lproj/Main.storyboard; sourceTree = "<group>"; };
		01557A331C850CC50031F210 /* Assets.xcassets */ = {isa = PBXFileReference; lastKnownFileType = folder.assetcatalog; path = Assets.xcassets; sourceTree = "<group>"; };
		01557A361C850CC50031F210 /* Base */ = {isa = PBXFileReference; lastKnownFileType = file.storyboard; name = Base; path = Base.lproj/LaunchScreen.storyboard; sourceTree = "<group>"; };
		01557A381C850CC50031F210 /* Info.plist */ = {isa = PBXFileReference; lastKnownFileType = text.plist.xml; path = Info.plist; sourceTree = "<group>"; };
/* End PBXFileReference section */

/* Begin PBXFrameworksBuildPhase section */
		01557A261C850CC50031F210 /* Frameworks */ = {
			isa = PBXFrameworksBuildPhase;
			buildActionMask = 2147483647;
			files = (
			);
			runOnlyForDeploymentPostprocessing = 0;
		};
/* End PBXFrameworksBuildPhase section */

/* Begin PBXGroup section */
		01557A201C850CC50031F210 = {
			isa = PBXGroup;
			children = (
				01557A2B1C850CC50031F210 /* Gigapet */,
				01557A2A1C850CC50031F210 /* Products */,
			);
			sourceTree = "<group>";
		};
		01557A2A1C850CC50031F210 /* Products */ = {
			isa = PBXGroup;
			children = (
				01557A291C850CC50031F210 /* Gigapet.app */,
			);
			name = Products;
			sourceTree = "<group>";
		};
		01557A2B1C850CC50031F210 /* Gigapet */ = {
			isa = PBXGroup;
			children = (
				01557A2C1C850CC50031F210 /* AppDelegate.swift */,
				01557A2E1C850CC50031F210 /* ViewController.swift */,
				01557A301C850CC50031F210 /* Main.storyboard */,
				01557A331C850CC50031F210 /* Assets.xcassets */,
				01557A351C850CC50031F210 /* LaunchScreen.storyboard */,
				01557A381C850CC50031F210 /* Info.plist */,
			);
			path = Gigapet;
			sourceTree = "<group>";
		};
/* End PBXGroup section */

/* Begin PBXNativeTarget section */
		01557A281C850CC50031F210 /* Gigapet */ = {
			isa = PBXNativeTarget;
			buildConfigurationList = 01557A3B1C850CC50031F210 /* Build configuration list for PBXNativeTarget "Gigapet" */;
			buildPhases = (
				01557A251C850CC50031F210 /* Sources */,
				01557A261C850CC50031F210 /* Frameworks */,
				01557A271C850CC50031F210 /* Resources */,
			);
			buildRules = (
			);
			dependencies = (
			);
			name = Gigapet;
			productName = Gigapet;
			productReference = 01557A291C850CC50031F210 /* Gigapet.app */;
			productType = "com.apple.product-type.application";
		};
/* End PBXNativeTarget section */

/* Begin PBXProject section */
		01557A211C850CC50031F210 /* Project object */ = {
			isa = PBXProject;
			attributes = {
				LastSwiftUpdateCheck = 0720;
				LastUpgradeCheck = 0720;
				ORGANIZATIONNAME = Sabring;
				TargetAttributes = {
					01557A281C850CC50031F210 = {
						CreatedOnToolsVersion = 7.2;
						DevelopmentTeam = JA2625PV9L;
					};
				};
			};
			buildConfigurationList = 01557A241C850CC50031F210 /* Build configuration list for PBXProject "Gigapet" */;
			compatibilityVersion = "Xcode 3.2";
			developmentRegion = English;
			hasScannedForEncodings = 0;
			knownRegions = (
				en,
				Base,
			);
			mainGroup = 01557A201C850CC50031F210;
			productRefGroup = 01557A2A1C850CC50031F210 /* Products */;
			projectDirPath = "";
			projectRoot = "";
			targets = (
				01557A281C850CC50031F210 /* Gigapet */,
			);
		};
/* End PBXProject section */

/* Begin PBXResourcesBuildPhase section */
		01557A271C850CC50031F210 /* Resources */ = {
			isa = PBXResourcesBuildPhase;
			buildActionMask = 2147483647;
			files = (
				01557A371C850CC50031F210 /* LaunchScreen.storyboard in Resources */,
				01557A341C850CC50031F210 /* Assets.xcassets in Resources */,
				01557A321C850CC50031F210 /* Main.storyboard in Resources */,
			);
			runOnlyForDeploymentPostprocessing = 0;
		};
/* End PBXResourcesBuildPhase section */

/* Begin PBXSourcesBuildPhase section */
		01557A251C850CC50031F210 /* Sources */ = {
			isa = PBXSourcesBuildPhase;
			buildActionMask = 2147483647;
			files = (
				01557A2F1C850CC50031F210 /* ViewController.swift in Sources */,
				01557A2D1C850CC50031F210 /* AppDelegate.swift in Sources */,
			);
			runOnlyForDeploymentPostprocessing = 0;
		};
/* End PBXSourcesBuildPhase section */

/* Begin PBXVariantGroup section */
		01557A301C850CC50031F210 /* Main.storyboard */ = {
			isa = PBXVariantGroup;
			children = (
				01557A311C850CC50031F210 /* Base */,
			);
			name = Main.storyboard;
			sourceTree = "<group>";
		};
		01557A351C850CC50031F210 /* LaunchScreen.storyboard */ = {
			isa = PBXVariantGroup;
			children = (
				01557A361C850CC50031F210 /* Base */,
			);
			name = LaunchScreen.storyboard;
			sourceTree = "<group>";
		};
/* End PBXVariantGroup section */

/* Begin XCBuildConfiguration section */
		01557A391C850CC50031F210 /* Debug */ = {
			isa = XCBuildConfiguration;
			buildSettings = {
				ALWAYS_SEARCH_USER_PATHS = NO;
				CLANG_CXX_LANGUAGE_STANDARD = "gnu++0x";
				CLANG_CXX_LIBRARY = "libc++";
				CLANG_ENABLE_MODULES = YES;
				CLANG_ENABLE_OBJC_ARC = YES;
				CLANG_WARN_BOOL_CONVERSION = YES;
				CLANG_WARN_CONSTANT_CONVERSION = YES;
				CLANG_WARN_DIRECT_OBJC_ISA_USAGE = YES_ERROR;
				CLANG_WARN_EMPTY_BODY = YES;
				CLANG_WARN_ENUM_CONVERSION = YES;
				CLANG_WARN_INT_CONVERSION = YES;
				CLANG_WARN_OBJC_ROOT_CLASS = YES_ERROR;
				CLANG_WARN_UNREACHABLE_CODE = YES;
				CLANG_WARN__DUPLICATE_METHOD_MATCH = YES;
				"CODE_SIGN_IDENTITY[sdk=iphoneos*]" = "iPhone Developer";
				COPY_PHASE_STRIP = NO;
				DEBUG_INFORMATION_FORMAT = dwarf;
				ENABLE_STRICT_OBJC_MSGSEND = YES;
				ENABLE_TESTABILITY = YES;
				GCC_C_LANGUAGE_STANDARD = gnu99;
				GCC_DYNAMIC_NO_PIC = NO;
				GCC_NO_COMMON_BLOCKS = YES;
				GCC_OPTIMIZATION_LEVEL = 0;
				GCC_PREPROCESSOR_DEFINITIONS = (
					"DEBUG=1",
					"$(inherited)",
				);
				GCC_WARN_64_TO_32_BIT_CONVERSION = YES;
				GCC_WARN_ABOUT_RETURN_TYPE = YES_ERROR;
				GCC_WARN_UNDECLARED_SELECTOR = YES;
				GCC_WARN_UNINITIALIZED_AUTOS = YES_AGGRESSIVE;
				GCC_WARN_UNUSED_FUNCTION = YES;
				GCC_WARN_UNUSED_VARIABLE = YES;
				IPHONEOS_DEPLOYMENT_TARGET = 9.2;
				MTL_ENABLE_DEBUG_INFO = YES;
				ONLY_ACTIVE_ARCH = YES;
				SDKROOT = iphoneos;
				SWIFT_OPTIMIZATION_LEVEL = "-Onone";
				TARGETED_DEVICE_FAMILY = "1,2";
			};
			name = Debug;
		};
		01557A3A1C850CC50031F210 /* Release */ = {
			isa = XCBuildConfiguration;
			buildSettings = {
				ALWAYS_SEARCH_USER_PATHS = NO;
				CLANG_CXX_LANGUAGE_STANDARD = "gnu++0x";
				CLANG_CXX_LIBRARY = "libc++";
				CLANG_ENABLE_MODULES = YES;
				CLANG_ENABLE_OBJC_ARC = YES;
				CLANG_WARN_BOOL_CONVERSION = YES;
				CLANG_WARN_CONSTANT_CONVERSION = YES;
				CLANG_WARN_DIRECT_OBJC_ISA_USAGE = YES_ERROR;
				CLANG_WARN_EMPTY_BODY = YES;
				CLANG_WARN_ENUM_CONVERSION = YES;
				CLANG_WARN_INT_CONVERSION = YES;
				CLANG_WARN_OBJC_ROOT_CLASS = YES_ERROR;
				CLANG_WARN_UNREACHABLE_CODE = YES;
				CLANG_WARN__DUPLICATE_METHOD_MATCH = YES;
				"CODE_SIGN_IDENTITY[sdk=iphoneos*]" = "iPhone Developer";
				COPY_PHASE_STRIP = NO;
				DEBUG_INFORMATION_FORMAT = "dwarf-with-dsym";
				ENABLE_NS_ASSERTIONS = NO;
				ENABLE_STRICT_OBJC_MSGSEND = YES;
				GCC_C_LANGUAGE_STANDARD = gnu99;
				GCC_NO_COMMON_BLOCKS = YES;
				GCC_WARN_64_TO_32_BIT_CONVERSION = YES;
				GCC_WARN_ABOUT_RETURN_TYPE = YES_ERROR;
				GCC_WARN_UNDECLARED_SELECTOR = YES;
				GCC_WARN_UNINITIALIZED_AUTOS = YES_AGGRESSIVE;
				GCC_WARN_UNUSED_FUNCTION = YES;
				GCC_WARN_UNUSED_VARIABLE = YES;
				IPHONEOS_DEPLOYMENT_TARGET = 9.2;
				MTL_ENABLE_DEBUG_INFO = NO;
				SDKROOT = iphoneos;
				TARGETED_DEVICE_FAMILY = "1,2";
				VALIDATE_PRODUCT = YES;
			};
			name = Release;
		};
		01557A3C1C850CC50031F210 /* Debug */ = {
			isa = XCBuildConfiguration;
			buildSettings = {
				ASSETCATALOG_COMPILER_APPICON_NAME = AppIcon;
				INFOPLIST_FILE = Gigapet/Info.plist;
				LD_RUNPATH_SEARCH_PATHS = "$(inherited) @executable_path/Frameworks";
				PRODUCT_BUNDLE_IDENTIFIER = com.sabring.Gigapet;
				PRODUCT_NAME = "$(TARGET_NAME)";
			};
			name = Debug;
		};
		01557A3D1C850CC50031F210 /* Release */ = {
			isa = XCBuildConfiguration;
			buildSettings = {
				ASSETCATALOG_COMPILER_APPICON_NAME = AppIcon;
				INFOPLIST_FILE = Gigapet/Info.plist;
				LD_RUNPATH_SEARCH_PATHS = "$(inherited) @executable_path/Frameworks";
				PRODUCT_BUNDLE_IDENTIFIER = com.sabring.Gigapet;
				PRODUCT_NAME = "$(TARGET_NAME)";
			};
			name = Release;
		};
/* End XCBuildConfiguration section */

/* Begin XCConfigurationList section */
		01557A241C850CC50031F210 /* Build configuration list for PBXProject "Gigapet" */ = {
			isa = XCConfigurationList;
			buildConfigurations = (
				01557A391C850CC50031F210 /* Debug */,
				01557A3A1C850CC50031F210 /* Release */,
			);
			defaultConfigurationIsVisible = 0;
			defaultConfigurationName = Release;
		};
		01557A3B1C850CC50031F210 /* Build configuration list for PBXNativeTarget "Gigapet" */ = {
			isa = XCConfigurationList;
			buildConfigurations = (
				01557A3C1C850CC50031F210 /* Debug */,
				01557A3D1C850CC50031F210 /* Release */,
			);
			defaultConfigurationIsVisible = 0;
		};
/* End XCConfigurationList section */
	};
	rootObject = 01557A211C850CC50031F210 /* Project object */;
}
